// !$*UTF8*$!
{
	archiveVersion = 1;
	classes = {
	};
	objectVersion = 46;
	objects = {

/* Begin PBXBuildFile section */
		433866F4AD91DCA3C04252E2 /* Pods_rainyshinycloudy.framework in Frameworks */ = {isa = PBXBuildFile; fileRef = A864CCF1B5203985C9F7D4FB /* Pods_rainyshinycloudy.framework */; };
		C666BCF91E6BB62400C50679 /* AppDelegate.swift in Sources */ = {isa = PBXBuildFile; fileRef = C666BCF81E6BB62400C50679 /* AppDelegate.swift */; };
		C666BCFB1E6BB62400C50679 /* WeatherVC.swift in Sources */ = {isa = PBXBuildFile; fileRef = C666BCFA1E6BB62400C50679 /* WeatherVC.swift */; };
		C666BCFE1E6BB62400C50679 /* Main.storyboard in Resources */ = {isa = PBXBuildFile; fileRef = C666BCFC1E6BB62400C50679 /* Main.storyboard */; };
		C666BD001E6BB62400C50679 /* Assets.xcassets in Resources */ = {isa = PBXBuildFile; fileRef = C666BCFF1E6BB62400C50679 /* Assets.xcassets */; };
		C666BD031E6BB62400C50679 /* LaunchScreen.storyboard in Resources */ = {isa = PBXBuildFile; fileRef = C666BD011E6BB62400C50679 /* LaunchScreen.storyboard */; };
		C689B68B1E6CA2A300952A20 /* WeatherCell.swift in Sources */ = {isa = PBXBuildFile; fileRef = C689B68A1E6CA2A300952A20 /* WeatherCell.swift */; };
		C689B68E1E6CA77B00952A20 /* Constants.swift in Sources */ = {isa = PBXBuildFile; fileRef = C689B68D1E6CA77B00952A20 /* Constants.swift */; };
		C689B6911E6CAC0000952A20 /* CurrentWeather.swift in Sources */ = {isa = PBXBuildFile; fileRef = C689B6901E6CAC0000952A20 /* CurrentWeather.swift */; };
		C689B6931E6CCC2500952A20 /* Forecast.swift in Sources */ = {isa = PBXBuildFile; fileRef = C689B6921E6CCC2500952A20 /* Forecast.swift */; };
		C689B6951E6CEC8F00952A20 /* Location.swift in Sources */ = {isa = PBXBuildFile; fileRef = C689B6941E6CEC8F00952A20 /* Location.swift */; };
/* End PBXBuildFile section */

/* Begin PBXFileReference section */
		1EEB6B972B660C862F0A17F1 /* Pods-rainyshinycloudy.release.xcconfig */ = {isa = PBXFileReference; includeInIndex = 1; lastKnownFileType = text.xcconfig; name = "Pods-rainyshinycloudy.release.xcconfig"; path = "Pods/Target Support Files/Pods-rainyshinycloudy/Pods-rainyshinycloudy.release.xcconfig"; sourceTree = "<group>"; };
		455E52A1925FCE72DB4AC177 /* Pods-rainyshinycloudy.debug.xcconfig */ = {isa = PBXFileReference; includeInIndex = 1; lastKnownFileType = text.xcconfig; name = "Pods-rainyshinycloudy.debug.xcconfig"; path = "Pods/Target Support Files/Pods-rainyshinycloudy/Pods-rainyshinycloudy.debug.xcconfig"; sourceTree = "<group>"; };
		A864CCF1B5203985C9F7D4FB /* Pods_rainyshinycloudy.framework */ = {isa = PBXFileReference; explicitFileType = wrapper.framework; includeInIndex = 0; path = Pods_rainyshinycloudy.framework; sourceTree = BUILT_PRODUCTS_DIR; };
		C666BCF51E6BB62400C50679 /* rainyshinycloudy.app */ = {isa = PBXFileReference; explicitFileType = wrapper.application; includeInIndex = 0; path = rainyshinycloudy.app; sourceTree = BUILT_PRODUCTS_DIR; };
		C666BCF81E6BB62400C50679 /* AppDelegate.swift */ = {isa = PBXFileReference; lastKnownFileType = sourcecode.swift; path = AppDelegate.swift; sourceTree = "<group>"; };
		C666BCFA1E6BB62400C50679 /* WeatherVC.swift */ = {isa = PBXFileReference; lastKnownFileType = sourcecode.swift; path = WeatherVC.swift; sourceTree = "<group>"; };
		C666BCFD1E6BB62400C50679 /* Base */ = {isa = PBXFileReference; lastKnownFileType = file.storyboard; name = Base; path = Base.lproj/Main.storyboard; sourceTree = "<group>"; };
		C666BCFF1E6BB62400C50679 /* Assets.xcassets */ = {isa = PBXFileReference; lastKnownFileType = folder.assetcatalog; path = Assets.xcassets; sourceTree = "<group>"; };
		C666BD021E6BB62400C50679 /* Base */ = {isa = PBXFileReference; lastKnownFileType = file.storyboard; name = Base; path = Base.lproj/LaunchScreen.storyboard; sourceTree = "<group>"; };
		C666BD041E6BB62400C50679 /* Info.plist */ = {isa = PBXFileReference; lastKnownFileType = text.plist.xml; path = Info.plist; sourceTree = "<group>"; };
		C689B68A1E6CA2A300952A20 /* WeatherCell.swift */ = {isa = PBXFileReference; fileEncoding = 4; lastKnownFileType = sourcecode.swift; path = WeatherCell.swift; sourceTree = "<group>"; };
		C689B68D1E6CA77B00952A20 /* Constants.swift */ = {isa = PBXFileReference; fileEncoding = 4; lastKnownFileType = sourcecode.swift; path = Constants.swift; sourceTree = "<group>"; };
		C689B6901E6CAC0000952A20 /* CurrentWeather.swift */ = {isa = PBXFileReference; fileEncoding = 4; lastKnownFileType = sourcecode.swift; path = CurrentWeather.swift; sourceTree = "<group>"; };
		C689B6921E6CCC2500952A20 /* Forecast.swift */ = {isa = PBXFileReference; fileEncoding = 4; lastKnownFileType = sourcecode.swift; path = Forecast.swift; sourceTree = "<group>"; };
		C689B6941E6CEC8F00952A20 /* Location.swift */ = {isa = PBXFileReference; fileEncoding = 4; lastKnownFileType = sourcecode.swift; path = Location.swift; sourceTree = "<group>"; };
/* End PBXFileReference section */

/* Begin PBXFrameworksBuildPhase section */
		C666BCF21E6BB62400C50679 /* Frameworks */ = {
			isa = PBXFrameworksBuildPhase;
			buildActionMask = 2147483647;
			files = (
				433866F4AD91DCA3C04252E2 /* Pods_rainyshinycloudy.framework in Frameworks */,
			);
			runOnlyForDeploymentPostprocessing = 0;
		};
/* End PBXFrameworksBuildPhase section */

/* Begin PBXGroup section */
		0E8A1A28CC3B1D98E9D334AC /* Pods */ = {
			isa = PBXGroup;
			children = (
				455E52A1925FCE72DB4AC177 /* Pods-rainyshinycloudy.debug.xcconfig */,
				1EEB6B972B660C862F0A17F1 /* Pods-rainyshinycloudy.release.xcconfig */,
			);
			name = Pods;
			sourceTree = "<group>";
		};
		C666BCEC1E6BB62400C50679 = {
			isa = PBXGroup;
			children = (
				C666BCF71E6BB62400C50679 /* rainyshinycloudy */,
				C666BCF61E6BB62400C50679 /* Products */,
				0E8A1A28CC3B1D98E9D334AC /* Pods */,
				ED43BC086CF517140A7F4B48 /* Frameworks */,
			);
			sourceTree = "<group>";
		};
		C666BCF61E6BB62400C50679 /* Products */ = {
			isa = PBXGroup;
			children = (
				C666BCF51E6BB62400C50679 /* rainyshinycloudy.app */,
			);
			name = Products;
			sourceTree = "<group>";
		};
		C666BCF71E6BB62400C50679 /* rainyshinycloudy */ = {
			isa = PBXGroup;
			children = (
				C689B68A1E6CA2A300952A20 /* WeatherCell.swift */,
				C689B6901E6CAC0000952A20 /* CurrentWeather.swift */,
				C689B68C1E6CA76400952A20 /* Utils */,
				C666BCF81E6BB62400C50679 /* AppDelegate.swift */,
				C666BCFA1E6BB62400C50679 /* WeatherVC.swift */,
				C666BCFC1E6BB62400C50679 /* Main.storyboard */,
				C666BCFF1E6BB62400C50679 /* Assets.xcassets */,
				C666BD011E6BB62400C50679 /* LaunchScreen.storyboard */,
				C666BD041E6BB62400C50679 /* Info.plist */,
				C689B6941E6CEC8F00952A20 /* Location.swift */,
				C689B6921E6CCC2500952A20 /* Forecast.swift */,
			);
			path = rainyshinycloudy;
			sourceTree = "<group>";
		};
		C689B68C1E6CA76400952A20 /* Utils */ = {
			isa = PBXGroup;
			children = (
				C689B68D1E6CA77B00952A20 /* Constants.swift */,
			);
			name = Utils;
			sourceTree = "<group>";
		};
		ED43BC086CF517140A7F4B48 /* Frameworks */ = {
			isa = PBXGroup;
			children = (
				A864CCF1B5203985C9F7D4FB /* Pods_rainyshinycloudy.framework */,
			);
			name = Frameworks;
			sourceTree = "<group>";
		};
/* End PBXGroup section */

/* Begin PBXNativeTarget section */
		C666BCF41E6BB62400C50679 /* rainyshinycloudy */ = {
			isa = PBXNativeTarget;
			buildConfigurationList = C666BD071E6BB62400C50679 /* Build configuration list for PBXNativeTarget "rainyshinycloudy" */;
			buildPhases = (
				2800BF15713DEF9506E24145 /* [CP] Check Pods Manifest.lock */,
				C666BCF11E6BB62400C50679 /* Sources */,
				C666BCF21E6BB62400C50679 /* Frameworks */,
				C666BCF31E6BB62400C50679 /* Resources */,
				226897C7D27E736DCD86C49B /* [CP] Embed Pods Frameworks */,
				16BCD62405893FB5CB005C3C /* [CP] Copy Pods Resources */,
			);
			buildRules = (
			);
			dependencies = (
			);
			name = rainyshinycloudy;
			productName = rainyshinycloudy;
			productReference = C666BCF51E6BB62400C50679 /* rainyshinycloudy.app */;
			productType = "com.apple.product-type.application";
		};
/* End PBXNativeTarget section */

/* Begin PBXProject section */
		C666BCED1E6BB62400C50679 /* Project object */ = {
			isa = PBXProject;
			attributes = {
				LastSwiftUpdateCheck = 0800;
				LastUpgradeCheck = 0800;
				ORGANIZATIONNAME = "Sagar Lakhia";
				TargetAttributes = {
					C666BCF41E6BB62400C50679 = {
						CreatedOnToolsVersion = 8.0;
						ProvisioningStyle = Automatic;
					};
				};
			};
			buildConfigurationList = C666BCF01E6BB62400C50679 /* Build configuration list for PBXProject "rainyshinycloudy" */;
			compatibilityVersion = "Xcode 3.2";
			developmentRegion = English;
			hasScannedForEncodings = 0;
			knownRegions = (
				en,
				Base,
			);
			mainGroup = C666BCEC1E6BB62400C50679;
			productRefGroup = C666BCF61E6BB62400C50679 /* Products */;
			projectDirPath = "";
			projectRoot = "";
			targets = (
				C666BCF41E6BB62400C50679 /* rainyshinycloudy */,
			);
		};
/* End PBXProject section */

/* Begin PBXResourcesBuildPhase section */
		C666BCF31E6BB62400C50679 /* Resources */ = {
			isa = PBXResourcesBuildPhase;
			buildActionMask = 2147483647;
			files = (
				C666BD031E6BB62400C50679 /* LaunchScreen.storyboard in Resources */,
				C666BD001E6BB62400C50679 /* Assets.xcassets in Resources */,
				C666BCFE1E6BB62400C50679 /* Main.storyboard in Resources */,
			);
			runOnlyForDeploymentPostprocessing = 0;
		};
/* End PBXResourcesBuildPhase section */

/* Begin PBXShellScriptBuildPhase section */
		16BCD62405893FB5CB005C3C /* [CP] Copy Pods Resources */ = {
			isa = PBXShellScriptBuildPhase;
			buildActionMask = 2147483647;
			files = (
			);
			inputPaths = (
			);
			name = "[CP] Copy Pods Resources";
			outputPaths = (
			);
			runOnlyForDeploymentPostprocessing = 0;
			shellPath = /bin/sh;
			shellScript = "\"${SRCROOT}/Pods/Target Support Files/Pods-rainyshinycloudy/Pods-rainyshinycloudy-resources.sh\"\n";
			showEnvVarsInLog = 0;
		};
		226897C7D27E736DCD86C49B /* [CP] Embed Pods Frameworks */ = {
			isa = PBXShellScriptBuildPhase;
			buildActionMask = 2147483647;
			files = (
			);
			inputPaths = (
			);
			name = "[CP] Embed Pods Frameworks";
			outputPaths = (
			);
			runOnlyForDeploymentPostprocessing = 0;
			shellPath = /bin/sh;
			shellScript = "\"${SRCROOT}/Pods/Target Support Files/Pods-rainyshinycloudy/Pods-rainyshinycloudy-frameworks.sh\"\n";
			showEnvVarsInLog = 0;
		};
		2800BF15713DEF9506E24145 /* [CP] Check Pods Manifest.lock */ = {
			isa = PBXShellScriptBuildPhase;
			buildActionMask = 2147483647;
			files = (
			);
			inputPaths = (
			);
			name = "[CP] Check Pods Manifest.lock";
			outputPaths = (
			);
			runOnlyForDeploymentPostprocessing = 0;
			shellPath = /bin/sh;
			shellScript = "diff \"${PODS_ROOT}/../Podfile.lock\" \"${PODS_ROOT}/Manifest.lock\" > /dev/null\nif [ $? != 0 ] ; then\n    # print error to STDERR\n    echo \"error: The sandbox is not in sync with the Podfile.lock. Run 'pod install' or update your CocoaPods installation.\" >&2\n    exit 1\nfi\n";
			showEnvVarsInLog = 0;
		};
/* End PBXShellScriptBuildPhase section */

/* Begin PBXSourcesBuildPhase section */
		C666BCF11E6BB62400C50679 /* Sources */ = {
			isa = PBXSourcesBuildPhase;
			buildActionMask = 2147483647;
			files = (
				C666BCFB1E6BB62400C50679 /* WeatherVC.swift in Sources */,
				C666BCF91E6BB62400C50679 /* AppDelegate.swift in Sources */,
				C689B68B1E6CA2A300952A20 /* WeatherCell.swift in Sources */,
				C689B68E1E6CA77B00952A20 /* Constants.swift in Sources */,
				C689B6931E6CCC2500952A20 /* Forecast.swift in Sources */,
				C689B6911E6CAC0000952A20 /* CurrentWeather.swift in Sources */,
				C689B6951E6CEC8F00952A20 /* Location.swift in Sources */,
			);
			runOnlyForDeploymentPostprocessing = 0;
		};
/* End PBXSourcesBuildPhase section */

/* Begin PBXVariantGroup section */
		C666BCFC1E6BB62400C50679 /* Main.storyboard */ = {
			isa = PBXVariantGroup;
			children = (
				C666BCFD1E6BB62400C50679 /* Base */,
			);
			name = Main.storyboard;
			sourceTree = "<group>";
		};
		C666BD011E6BB62400C50679 /* LaunchScreen.storyboard */ = {
			isa = PBXVariantGroup;
			children = (
				C666BD021E6BB62400C50679 /* Base */,
			);
			name = LaunchScreen.storyboard;
			sourceTree = "<group>";
		};
/* End PBXVariantGroup section */

/* Begin XCBuildConfiguration section */
		C666BD051E6BB62400C50679 /* Debug */ = {
			isa = XCBuildConfiguration;
			buildSettings = {
				ALWAYS_SEARCH_USER_PATHS = NO;
				CLANG_ANALYZER_NONNULL = YES;
				CLANG_CXX_LANGUAGE_STANDARD = "gnu++0x";
				CLANG_CXX_LIBRARY = "libc++";
				CLANG_ENABLE_MODULES = YES;
				CLANG_ENABLE_OBJC_ARC = YES;
				CLANG_WARN_BOOL_CONVERSION = YES;
				CLANG_WARN_CONSTANT_CONVERSION = YES;
				CLANG_WARN_DIRECT_OBJC_ISA_USAGE = YES_ERROR;
				CLANG_WARN_DOCUMENTATION_COMMENTS = YES;
				CLANG_WARN_EMPTY_BODY = YES;
				CLANG_WARN_ENUM_CONVERSION = YES;
				CLANG_WARN_INFINITE_RECURSION = YES;
				CLANG_WARN_INT_CONVERSION = YES;
				CLANG_WARN_OBJC_ROOT_CLASS = YES_ERROR;
				CLANG_WARN_SUSPICIOUS_MOVES = YES;
				CLANG_WARN_UNREACHABLE_CODE = YES;
				CLANG_WARN__DUPLICATE_METHOD_MATCH = YES;
				"CODE_SIGN_IDENTITY[sdk=iphoneos*]" = "iPhone Developer";
				COPY_PHASE_STRIP = NO;
				DEBUG_INFORMATION_FORMAT = dwarf;
				ENABLE_STRICT_OBJC_MSGSEND = YES;
				ENABLE_TESTABILITY = YES;
				GCC_C_LANGUAGE_STANDARD = gnu99;
				GCC_DYNAMIC_NO_PIC = NO;
				GCC_NO_COMMON_BLOCKS = YES;
				GCC_OPTIMIZATION_LEVEL = 0;
				GCC_PREPROCESSOR_DEFINITIONS = (
					"DEBUG=1",
					"$(inherited)",
				);
				GCC_WARN_64_TO_32_BIT_CONVERSION = YES;
				GCC_WARN_ABOUT_RETURN_TYPE = YES_ERROR;
				GCC_WARN_UNDECLARED_SELECTOR = YES;
				GCC_WARN_UNINITIALIZED_AUTOS = YES_AGGRESSIVE;
				GCC_WARN_UNUSED_FUNCTION = YES;
				GCC_WARN_UNUSED_VARIABLE = YES;
				IPHONEOS_DEPLOYMENT_TARGET = 10.0;
				MTL_ENABLE_DEBUG_INFO = YES;
				ONLY_ACTIVE_ARCH = YES;
				SDKROOT = iphoneos;
				SWIFT_ACTIVE_COMPILATION_CONDITIONS = DEBUG;
				SWIFT_OPTIMIZATION_LEVEL = "-Onone";
			};
			name = Debug;
		};
		C666BD061E6BB62400C50679 /* Release */ = {
			isa = XCBuildConfiguration;
			buildSettings = {
				ALWAYS_SEARCH_USER_PATHS = NO;
				CLANG_ANALYZER_NONNULL = YES;
				CLANG_CXX_LANGUAGE_STANDARD = "gnu++0x";
				CLANG_CXX_LIBRARY = "libc++";
				CLANG_ENABLE_MODULES = YES;
				CLANG_ENABLE_OBJC_ARC = YES;
				CLANG_WARN_BOOL_CONVERSION = YES;
				CLANG_WARN_CONSTANT_CONVERSION = YES;
				CLANG_WARN_DIRECT_OBJC_ISA_USAGE = YES_ERROR;
				CLANG_WARN_DOCUMENTATION_COMMENTS = YES;
				CLANG_WARN_EMPTY_BODY = YES;
				CLANG_WARN_ENUM_CONVERSION = YES;
				CLANG_WARN_INFINITE_RECURSION = YES;
				CLANG_WARN_INT_CONVERSION = YES;
				CLANG_WARN_OBJC_ROOT_CLASS = YES_ERROR;
				CLANG_WARN_SUSPICIOUS_MOVES = YES;
				CLANG_WARN_UNREACHABLE_CODE = YES;
				CLANG_WARN__DUPLICATE_METHOD_MATCH = YES;
				"CODE_SIGN_IDENTITY[sdk=iphoneos*]" = "iPhone Developer";
				COPY_PHASE_STRIP = NO;
				DEBUG_INFORMATION_FORMAT = "dwarf-with-dsym";
				ENABLE_NS_ASSERTIONS = NO;
				ENABLE_STRICT_OBJC_MSGSEND = YES;
				GCC_C_LANGUAGE_STANDARD = gnu99;
				GCC_NO_COMMON_BLOCKS = YES;
				GCC_WARN_64_TO_32_BIT_CONVERSION = YES;
				GCC_WARN_ABOUT_RETURN_TYPE = YES_ERROR;
				GCC_WARN_UNDECLARED_SELECTOR = YES;
				GCC_WARN_UNINITIALIZED_AUTOS = YES_AGGRESSIVE;
				GCC_WARN_UNUSED_FUNCTION = YES;
				GCC_WARN_UNUSED_VARIABLE = YES;
				IPHONEOS_DEPLOYMENT_TARGET = 10.0;
				MTL_ENABLE_DEBUG_INFO = NO;
				SDKROOT = iphoneos;
				SWIFT_OPTIMIZATION_LEVEL = "-Owholemodule";
				VALIDATE_PRODUCT = YES;
			};
			name = Release;
		};
		C666BD081E6BB62400C50679 /* Debug */ = {
			isa = XCBuildConfiguration;
			baseConfigurationReference = 455E52A1925FCE72DB4AC177 /* Pods-rainyshinycloudy.debug.xcconfig */;
			buildSettings = {
				ASSETCATALOG_COMPILER_APPICON_NAME = AppIcon;
				INFOPLIST_FILE = rainyshinycloudy/Info.plist;
				LD_RUNPATH_SEARCH_PATHS = "$(inherited) @executable_path/Frameworks";
				PRODUCT_BUNDLE_IDENTIFIER = com.sagarlakhia.rainyshinycloudy;
				PRODUCT_NAME = "$(TARGET_NAME)";
				SWIFT_VERSION = 3.0;
			};
			name = Debug;
		};
		C666BD091E6BB62400C50679 /* Release */ = {
			isa = XCBuildConfiguration;
			baseConfigurationReference = 1EEB6B972B660C862F0A17F1 /* Pods-rainyshinycloudy.release.xcconfig */;
			buildSettings = {
				ASSETCATALOG_COMPILER_APPICON_NAME = AppIcon;
				INFOPLIST_FILE = rainyshinycloudy/Info.plist;
				LD_RUNPATH_SEARCH_PATHS = "$(inherited) @executable_path/Frameworks";
				PRODUCT_BUNDLE_IDENTIFIER = com.sagarlakhia.rainyshinycloudy;
				PRODUCT_NAME = "$(TARGET_NAME)";
				SWIFT_VERSION = 3.0;
			};
			name = Release;
		};
/* End XCBuildConfiguration section */

/* Begin XCConfigurationList section */
		C666BCF01E6BB62400C50679 /* Build configuration list for PBXProject "rainyshinycloudy" */ = {
			isa = XCConfigurationList;
			buildConfigurations = (
				C666BD051E6BB62400C50679 /* Debug */,
				C666BD061E6BB62400C50679 /* Release */,
			);
			defaultConfigurationIsVisible = 0;
			defaultConfigurationName = Release;
		};
		C666BD071E6BB62400C50679 /* Build configuration list for PBXNativeTarget "rainyshinycloudy" */ = {
			isa = XCConfigurationList;
			buildConfigurations = (
				C666BD081E6BB62400C50679 /* Debug */,
				C666BD091E6BB62400C50679 /* Release */,
			);
			defaultConfigurationIsVisible = 0;
			defaultConfigurationName = Release;
		};
/* End XCConfigurationList section */
	};
	rootObject = C666BCED1E6BB62400C50679 /* Project object */;
}
